// !$*UTF8*$!
{
	archiveVersion = 1;
	classes = {
	};
	objectVersion = 50;
	objects = {

/* Begin PBXBuildFile section */
		4B601E0E9C550DE1A831F5F7 /* Pods_Hold.framework in Frameworks */ = {isa = PBXBuildFile; fileRef = 6C2577843839DE1C062E8325 /* Pods_Hold.framework */; };
		532E3E6A9E892CFD0F7FCD6D /* Pods_HoldTests.framework in Frameworks */ = {isa = PBXBuildFile; fileRef = 56CFA3B25F84575626C18E04 /* Pods_HoldTests.framework */; };
		84002866219CA6250005ADA9 /* AppDelegate.swift in Sources */ = {isa = PBXBuildFile; fileRef = 84002865219CA6250005ADA9 /* AppDelegate.swift */; };
		84002868219CA6250005ADA9 /* LoginViewController.swift in Sources */ = {isa = PBXBuildFile; fileRef = 84002867219CA6250005ADA9 /* LoginViewController.swift */; };
		8400286B219CA6250005ADA9 /* Main.storyboard in Resources */ = {isa = PBXBuildFile; fileRef = 84002869219CA6250005ADA9 /* Main.storyboard */; };
		8400286E219CA6250005ADA9 /* Hold.xcdatamodeld in Sources */ = {isa = PBXBuildFile; fileRef = 8400286C219CA6250005ADA9 /* Hold.xcdatamodeld */; };
		84002870219CA6270005ADA9 /* Assets.xcassets in Resources */ = {isa = PBXBuildFile; fileRef = 8400286F219CA6270005ADA9 /* Assets.xcassets */; };
		84002873219CA6270005ADA9 /* LaunchScreen.storyboard in Resources */ = {isa = PBXBuildFile; fileRef = 84002871219CA6270005ADA9 /* LaunchScreen.storyboard */; };
		8400287E219CA6270005ADA9 /* HoldTests.swift in Sources */ = {isa = PBXBuildFile; fileRef = 8400287D219CA6270005ADA9 /* HoldTests.swift */; };
		843274FD21B05F2400222922 /* Extensions.swift in Sources */ = {isa = PBXBuildFile; fileRef = 843274FC21B05F2400222922 /* Extensions.swift */; };
		843AD6A621C59AD40072B22A /* PresentingImageModel.swift in Sources */ = {isa = PBXBuildFile; fileRef = 843AD6A521C59AD40072B22A /* PresentingImageModel.swift */; };
		845BA62F21B8C00D002C0C52 /* UserModel.swift in Sources */ = {isa = PBXBuildFile; fileRef = 845BA62E21B8C00D002C0C52 /* UserModel.swift */; };
		845BA63221B9579D002C0C52 /* HoldImageModel.swift in Sources */ = {isa = PBXBuildFile; fileRef = 845BA63121B9579D002C0C52 /* HoldImageModel.swift */; };
		845DD18421B093B500AFEA73 /* HomeViewModel.swift in Sources */ = {isa = PBXBuildFile; fileRef = 845DD18321B093B500AFEA73 /* HomeViewModel.swift */; };
		84A916DA21AD3CA800F1D51D /* Coordinator.swift in Sources */ = {isa = PBXBuildFile; fileRef = 84A916D921AD3CA800F1D51D /* Coordinator.swift */; };
		84A916DC21AD3D2300F1D51D /* APIManager.swift in Sources */ = {isa = PBXBuildFile; fileRef = 84A916DB21AD3D2300F1D51D /* APIManager.swift */; };
		84A916DE21AD3D9200F1D51D /* LoginViewModel.swift in Sources */ = {isa = PBXBuildFile; fileRef = 84A916DD21AD3D9200F1D51D /* LoginViewModel.swift */; };
		84A916E021AD43DA00F1D51D /* Router.swift in Sources */ = {isa = PBXBuildFile; fileRef = 84A916DF21AD43DA00F1D51D /* Router.swift */; };
		84A916E321AFC9B400F1D51D /* HomeViewController.swift in Sources */ = {isa = PBXBuildFile; fileRef = 84A916E221AFC9B400F1D51D /* HomeViewController.swift */; };
		84A916E521AFC9D300F1D51D /* OnboardingViewController.swift in Sources */ = {isa = PBXBuildFile; fileRef = 84A916E421AFC9D300F1D51D /* OnboardingViewController.swift */; };
		84A916E721AFCA7D00F1D51D /* RootViewController.swift in Sources */ = {isa = PBXBuildFile; fileRef = 84A916E621AFCA7D00F1D51D /* RootViewController.swift */; };
		84A916E921AFCAD200F1D51D /* RootViewModel.swift in Sources */ = {isa = PBXBuildFile; fileRef = 84A916E821AFCAD200F1D51D /* RootViewModel.swift */; };
		84A916EB21B04A2A00F1D51D /* AuthenticationViewController.swift in Sources */ = {isa = PBXBuildFile; fileRef = 84A916EA21B04A2A00F1D51D /* AuthenticationViewController.swift */; };
		84A916ED21B04A6200F1D51D /* AuthenticationViewModel.swift in Sources */ = {isa = PBXBuildFile; fileRef = 84A916EC21B04A6200F1D51D /* AuthenticationViewModel.swift */; };
/* End PBXBuildFile section */

/* Begin PBXContainerItemProxy section */
		8400287A219CA6270005ADA9 /* PBXContainerItemProxy */ = {
			isa = PBXContainerItemProxy;
			containerPortal = 8400285A219CA6250005ADA9 /* Project object */;
			proxyType = 1;
			remoteGlobalIDString = 84002861219CA6250005ADA9;
			remoteInfo = Hold;
		};
/* End PBXContainerItemProxy section */

/* Begin PBXFileReference section */
		087EDD5998F344E823A6B0DB /* Pods-Hold.release.xcconfig */ = {isa = PBXFileReference; includeInIndex = 1; lastKnownFileType = text.xcconfig; name = "Pods-Hold.release.xcconfig"; path = "Target Support Files/Pods-Hold/Pods-Hold.release.xcconfig"; sourceTree = "<group>"; };
		56CFA3B25F84575626C18E04 /* Pods_HoldTests.framework */ = {isa = PBXFileReference; explicitFileType = wrapper.framework; includeInIndex = 0; path = Pods_HoldTests.framework; sourceTree = BUILT_PRODUCTS_DIR; };
		6C2577843839DE1C062E8325 /* Pods_Hold.framework */ = {isa = PBXFileReference; explicitFileType = wrapper.framework; includeInIndex = 0; path = Pods_Hold.framework; sourceTree = BUILT_PRODUCTS_DIR; };
		84002862219CA6250005ADA9 /* Hold.app */ = {isa = PBXFileReference; explicitFileType = wrapper.application; includeInIndex = 0; path = Hold.app; sourceTree = BUILT_PRODUCTS_DIR; };
		84002865219CA6250005ADA9 /* AppDelegate.swift */ = {isa = PBXFileReference; lastKnownFileType = sourcecode.swift; path = AppDelegate.swift; sourceTree = "<group>"; };
		84002867219CA6250005ADA9 /* LoginViewController.swift */ = {isa = PBXFileReference; lastKnownFileType = sourcecode.swift; path = LoginViewController.swift; sourceTree = "<group>"; };
		8400286A219CA6250005ADA9 /* Base */ = {isa = PBXFileReference; lastKnownFileType = file.storyboard; name = Base; path = Base.lproj/Main.storyboard; sourceTree = "<group>"; };
		8400286D219CA6250005ADA9 /* Hold.xcdatamodel */ = {isa = PBXFileReference; lastKnownFileType = wrapper.xcdatamodel; path = Hold.xcdatamodel; sourceTree = "<group>"; };
		8400286F219CA6270005ADA9 /* Assets.xcassets */ = {isa = PBXFileReference; lastKnownFileType = folder.assetcatalog; path = Assets.xcassets; sourceTree = "<group>"; };
		84002872219CA6270005ADA9 /* Base */ = {isa = PBXFileReference; lastKnownFileType = file.storyboard; name = Base; path = Base.lproj/LaunchScreen.storyboard; sourceTree = "<group>"; };
		84002874219CA6270005ADA9 /* Info.plist */ = {isa = PBXFileReference; lastKnownFileType = text.plist.xml; path = Info.plist; sourceTree = "<group>"; };
		84002879219CA6270005ADA9 /* HoldTests.xctest */ = {isa = PBXFileReference; explicitFileType = wrapper.cfbundle; includeInIndex = 0; path = HoldTests.xctest; sourceTree = BUILT_PRODUCTS_DIR; };
		8400287D219CA6270005ADA9 /* HoldTests.swift */ = {isa = PBXFileReference; lastKnownFileType = sourcecode.swift; path = HoldTests.swift; sourceTree = "<group>"; };
		8400287F219CA6270005ADA9 /* Info.plist */ = {isa = PBXFileReference; lastKnownFileType = text.plist.xml; path = Info.plist; sourceTree = "<group>"; };
		843274FC21B05F2400222922 /* Extensions.swift */ = {isa = PBXFileReference; lastKnownFileType = sourcecode.swift; path = Extensions.swift; sourceTree = "<group>"; };
		843AD6A521C59AD40072B22A /* PresentingImageModel.swift */ = {isa = PBXFileReference; lastKnownFileType = sourcecode.swift; path = PresentingImageModel.swift; sourceTree = "<group>"; };
		845BA62E21B8C00D002C0C52 /* UserModel.swift */ = {isa = PBXFileReference; lastKnownFileType = sourcecode.swift; path = UserModel.swift; sourceTree = "<group>"; };
		845BA63121B9579D002C0C52 /* HoldImageModel.swift */ = {isa = PBXFileReference; lastKnownFileType = sourcecode.swift; path = HoldImageModel.swift; sourceTree = "<group>"; };
		845DD18321B093B500AFEA73 /* HomeViewModel.swift */ = {isa = PBXFileReference; lastKnownFileType = sourcecode.swift; path = HomeViewModel.swift; sourceTree = "<group>"; };
		84A916D921AD3CA800F1D51D /* Coordinator.swift */ = {isa = PBXFileReference; lastKnownFileType = sourcecode.swift; path = Coordinator.swift; sourceTree = "<group>"; };
		84A916DB21AD3D2300F1D51D /* APIManager.swift */ = {isa = PBXFileReference; lastKnownFileType = sourcecode.swift; path = APIManager.swift; sourceTree = "<group>"; };
		84A916DD21AD3D9200F1D51D /* LoginViewModel.swift */ = {isa = PBXFileReference; lastKnownFileType = sourcecode.swift; path = LoginViewModel.swift; sourceTree = "<group>"; };
		84A916DF21AD43DA00F1D51D /* Router.swift */ = {isa = PBXFileReference; lastKnownFileType = sourcecode.swift; path = Router.swift; sourceTree = "<group>"; };
		84A916E221AFC9B400F1D51D /* HomeViewController.swift */ = {isa = PBXFileReference; lastKnownFileType = sourcecode.swift; path = HomeViewController.swift; sourceTree = "<group>"; };
		84A916E421AFC9D300F1D51D /* OnboardingViewController.swift */ = {isa = PBXFileReference; lastKnownFileType = sourcecode.swift; path = OnboardingViewController.swift; sourceTree = "<group>"; };
		84A916E621AFCA7D00F1D51D /* RootViewController.swift */ = {isa = PBXFileReference; lastKnownFileType = sourcecode.swift; path = RootViewController.swift; sourceTree = "<group>"; };
		84A916E821AFCAD200F1D51D /* RootViewModel.swift */ = {isa = PBXFileReference; lastKnownFileType = sourcecode.swift; path = RootViewModel.swift; sourceTree = "<group>"; };
		84A916EA21B04A2A00F1D51D /* AuthenticationViewController.swift */ = {isa = PBXFileReference; lastKnownFileType = sourcecode.swift; path = AuthenticationViewController.swift; sourceTree = "<group>"; };
		84A916EC21B04A6200F1D51D /* AuthenticationViewModel.swift */ = {isa = PBXFileReference; lastKnownFileType = sourcecode.swift; path = AuthenticationViewModel.swift; sourceTree = "<group>"; };
		99BE4EA331C1E4C54860E7DD /* Pods-HoldTests.debug.xcconfig */ = {isa = PBXFileReference; includeInIndex = 1; lastKnownFileType = text.xcconfig; name = "Pods-HoldTests.debug.xcconfig"; path = "Target Support Files/Pods-HoldTests/Pods-HoldTests.debug.xcconfig"; sourceTree = "<group>"; };
		CF11959DE77D1DB2B5716268 /* Pods-Hold.debug.xcconfig */ = {isa = PBXFileReference; includeInIndex = 1; lastKnownFileType = text.xcconfig; name = "Pods-Hold.debug.xcconfig"; path = "Target Support Files/Pods-Hold/Pods-Hold.debug.xcconfig"; sourceTree = "<group>"; };
		E705302BB51A3C1F7E9943D0 /* Pods-HoldTests.release.xcconfig */ = {isa = PBXFileReference; includeInIndex = 1; lastKnownFileType = text.xcconfig; name = "Pods-HoldTests.release.xcconfig"; path = "Target Support Files/Pods-HoldTests/Pods-HoldTests.release.xcconfig"; sourceTree = "<group>"; };
/* End PBXFileReference section */

/* Begin PBXFrameworksBuildPhase section */
		8400285F219CA6250005ADA9 /* Frameworks */ = {
			isa = PBXFrameworksBuildPhase;
			buildActionMask = 2147483647;
			files = (
				4B601E0E9C550DE1A831F5F7 /* Pods_Hold.framework in Frameworks */,
			);
			runOnlyForDeploymentPostprocessing = 0;
		};
		84002876219CA6270005ADA9 /* Frameworks */ = {
			isa = PBXFrameworksBuildPhase;
			buildActionMask = 2147483647;
			files = (
				532E3E6A9E892CFD0F7FCD6D /* Pods_HoldTests.framework in Frameworks */,
			);
			runOnlyForDeploymentPostprocessing = 0;
		};
/* End PBXFrameworksBuildPhase section */

/* Begin PBXGroup section */
		3FD14A7379116AA9A3FEEF5E /* Pods */ = {
			isa = PBXGroup;
			children = (
				CF11959DE77D1DB2B5716268 /* Pods-Hold.debug.xcconfig */,
				087EDD5998F344E823A6B0DB /* Pods-Hold.release.xcconfig */,
				99BE4EA331C1E4C54860E7DD /* Pods-HoldTests.debug.xcconfig */,
				E705302BB51A3C1F7E9943D0 /* Pods-HoldTests.release.xcconfig */,
			);
			path = Pods;
			sourceTree = "<group>";
		};
		6001DE5ACE06042915932772 /* Frameworks */ = {
			isa = PBXGroup;
			children = (
				6C2577843839DE1C062E8325 /* Pods_Hold.framework */,
				56CFA3B25F84575626C18E04 /* Pods_HoldTests.framework */,
			);
			name = Frameworks;
			sourceTree = "<group>";
		};
		84002859219CA6250005ADA9 = {
			isa = PBXGroup;
			children = (
				84002864219CA6250005ADA9 /* Hold */,
				8400287C219CA6270005ADA9 /* HoldTests */,
				84002863219CA6250005ADA9 /* Products */,
				3FD14A7379116AA9A3FEEF5E /* Pods */,
				6001DE5ACE06042915932772 /* Frameworks */,
			);
			sourceTree = "<group>";
		};
		84002863219CA6250005ADA9 /* Products */ = {
			isa = PBXGroup;
			children = (
				84002862219CA6250005ADA9 /* Hold.app */,
				84002879219CA6270005ADA9 /* HoldTests.xctest */,
			);
			name = Products;
			sourceTree = "<group>";
		};
		84002864219CA6250005ADA9 /* Hold */ = {
			isa = PBXGroup;
			children = (
				84002865219CA6250005ADA9 /* AppDelegate.swift */,
				843274FC21B05F2400222922 /* Extensions.swift */,
				845BA62D21B8BFE3002C0C52 /* Views */,
				845BA63021B8C019002C0C52 /* Models */,
				845BA62C21B8BF66002C0C52 /* Coordinator, Router & API */,
				8400286F219CA6270005ADA9 /* Assets.xcassets */,
				84002869219CA6250005ADA9 /* Main.storyboard */,
				84002871219CA6270005ADA9 /* LaunchScreen.storyboard */,
				84002874219CA6270005ADA9 /* Info.plist */,
				8400286C219CA6250005ADA9 /* Hold.xcdatamodeld */,
			);
			path = Hold;
			sourceTree = "<group>";
		};
		8400287C219CA6270005ADA9 /* HoldTests */ = {
			isa = PBXGroup;
			children = (
				8400287D219CA6270005ADA9 /* HoldTests.swift */,
				8400287F219CA6270005ADA9 /* Info.plist */,
			);
			path = HoldTests;
			sourceTree = "<group>";
		};
		845BA62B21B8BDD4002C0C52 /* Home */ = {
			isa = PBXGroup;
			children = (
				84A916E221AFC9B400F1D51D /* HomeViewController.swift */,
				845DD18321B093B500AFEA73 /* HomeViewModel.swift */,
			);
			path = Home;
			sourceTree = "<group>";
		};
		845BA62C21B8BF66002C0C52 /* Coordinator, Router & API */ = {
			isa = PBXGroup;
			children = (
				84A916D921AD3CA800F1D51D /* Coordinator.swift */,
				84A916DF21AD43DA00F1D51D /* Router.swift */,
				84A916DB21AD3D2300F1D51D /* APIManager.swift */,
			);
			path = "Coordinator, Router & API";
			sourceTree = "<group>";
		};
		845BA62D21B8BFE3002C0C52 /* Views */ = {
			isa = PBXGroup;
			children = (
				84A916E421AFC9D300F1D51D /* OnboardingViewController.swift */,
				84A916EE21B04A8D00F1D51D /* Root */,
				84A916E121AFC95700F1D51D /* Login */,
				84A916EF21B04D3800F1D51D /* Authentication */,
				845BA62B21B8BDD4002C0C52 /* Home */,
			);
			path = Views;
			sourceTree = "<group>";
		};
		845BA63021B8C019002C0C52 /* Models */ = {
			isa = PBXGroup;
			children = (
				845BA62E21B8C00D002C0C52 /* UserModel.swift */,
				845BA63121B9579D002C0C52 /* HoldImageModel.swift */,
				843AD6A521C59AD40072B22A /* PresentingImageModel.swift */,
			);
			path = Models;
			sourceTree = "<group>";
		};
		84A916E121AFC95700F1D51D /* Login */ = {
			isa = PBXGroup;
			children = (
				84002867219CA6250005ADA9 /* LoginViewController.swift */,
				84A916DD21AD3D9200F1D51D /* LoginViewModel.swift */,
			);
			path = Login;
			sourceTree = "<group>";
		};
		84A916EE21B04A8D00F1D51D /* Root */ = {
			isa = PBXGroup;
			children = (
				84A916E621AFCA7D00F1D51D /* RootViewController.swift */,
				84A916E821AFCAD200F1D51D /* RootViewModel.swift */,
			);
			path = Root;
			sourceTree = "<group>";
		};
		84A916EF21B04D3800F1D51D /* Authentication */ = {
			isa = PBXGroup;
			children = (
				84A916EA21B04A2A00F1D51D /* AuthenticationViewController.swift */,
				84A916EC21B04A6200F1D51D /* AuthenticationViewModel.swift */,
			);
			path = Authentication;
			sourceTree = "<group>";
		};
/* End PBXGroup section */

/* Begin PBXNativeTarget section */
		84002861219CA6250005ADA9 /* Hold */ = {
			isa = PBXNativeTarget;
			buildConfigurationList = 84002882219CA6270005ADA9 /* Build configuration list for PBXNativeTarget "Hold" */;
			buildPhases = (
				7AF51FEFAC669D04F3978CB7 /* [CP] Check Pods Manifest.lock */,
				8400285E219CA6250005ADA9 /* Sources */,
				8400285F219CA6250005ADA9 /* Frameworks */,
				84002860219CA6250005ADA9 /* Resources */,
				1EBA49FE337988F731F75ECC /* [CP] Embed Pods Frameworks */,
			);
			buildRules = (
			);
			dependencies = (
			);
			name = Hold;
			productName = Hold;
			productReference = 84002862219CA6250005ADA9 /* Hold.app */;
			productType = "com.apple.product-type.application";
		};
		84002878219CA6270005ADA9 /* HoldTests */ = {
			isa = PBXNativeTarget;
			buildConfigurationList = 84002885219CA6270005ADA9 /* Build configuration list for PBXNativeTarget "HoldTests" */;
			buildPhases = (
				BA27E142E8C068336741ADCB /* [CP] Check Pods Manifest.lock */,
				84002875219CA6270005ADA9 /* Sources */,
				84002876219CA6270005ADA9 /* Frameworks */,
				84002877219CA6270005ADA9 /* Resources */,
			);
			buildRules = (
			);
			dependencies = (
				8400287B219CA6270005ADA9 /* PBXTargetDependency */,
			);
			name = HoldTests;
			productName = HoldTests;
			productReference = 84002879219CA6270005ADA9 /* HoldTests.xctest */;
			productType = "com.apple.product-type.bundle.unit-test";
		};
/* End PBXNativeTarget section */

/* Begin PBXProject section */
		8400285A219CA6250005ADA9 /* Project object */ = {
			isa = PBXProject;
			attributes = {
				LastSwiftUpdateCheck = 1010;
				LastUpgradeCheck = 1010;
				ORGANIZATIONNAME = "Hold Inc.";
				TargetAttributes = {
					84002861219CA6250005ADA9 = {
						CreatedOnToolsVersion = 10.1;
					};
					84002878219CA6270005ADA9 = {
						CreatedOnToolsVersion = 10.1;
						TestTargetID = 84002861219CA6250005ADA9;
					};
				};
			};
			buildConfigurationList = 8400285D219CA6250005ADA9 /* Build configuration list for PBXProject "Hold" */;
			compatibilityVersion = "Xcode 9.3";
			developmentRegion = en;
			hasScannedForEncodings = 0;
			knownRegions = (
				en,
				Base,
			);
			mainGroup = 84002859219CA6250005ADA9;
			productRefGroup = 84002863219CA6250005ADA9 /* Products */;
			projectDirPath = "";
			projectRoot = "";
			targets = (
				84002861219CA6250005ADA9 /* Hold */,
				84002878219CA6270005ADA9 /* HoldTests */,
			);
		};
/* End PBXProject section */

/* Begin PBXResourcesBuildPhase section */
		84002860219CA6250005ADA9 /* Resources */ = {
			isa = PBXResourcesBuildPhase;
			buildActionMask = 2147483647;
			files = (
				84002873219CA6270005ADA9 /* LaunchScreen.storyboard in Resources */,
				84002870219CA6270005ADA9 /* Assets.xcassets in Resources */,
				8400286B219CA6250005ADA9 /* Main.storyboard in Resources */,
			);
			runOnlyForDeploymentPostprocessing = 0;
		};
		84002877219CA6270005ADA9 /* Resources */ = {
			isa = PBXResourcesBuildPhase;
			buildActionMask = 2147483647;
			files = (
			);
			runOnlyForDeploymentPostprocessing = 0;
		};
/* End PBXResourcesBuildPhase section */

/* Begin PBXShellScriptBuildPhase section */
		1EBA49FE337988F731F75ECC /* [CP] Embed Pods Frameworks */ = {
			isa = PBXShellScriptBuildPhase;
			buildActionMask = 2147483647;
			files = (
			);
			inputFileListPaths = (
			);
			inputPaths = (
				"${PODS_ROOT}/Target Support Files/Pods-Hold/Pods-Hold-frameworks.sh",
				"${BUILT_PRODUCTS_DIR}/Bolts/Bolts.framework",
				"${BUILT_PRODUCTS_DIR}/NVActivityIndicatorView/NVActivityIndicatorView.framework",
				"${BUILT_PRODUCTS_DIR}/Parse/Parse.framework",
				"${BUILT_PRODUCTS_DIR}/RxAtomic/RxAtomic.framework",
				"${BUILT_PRODUCTS_DIR}/RxCocoa/RxCocoa.framework",
				"${BUILT_PRODUCTS_DIR}/RxSwift/RxSwift.framework",
			);
			name = "[CP] Embed Pods Frameworks";
			outputFileListPaths = (
			);
			outputPaths = (
				"${TARGET_BUILD_DIR}/${FRAMEWORKS_FOLDER_PATH}/Bolts.framework",
				"${TARGET_BUILD_DIR}/${FRAMEWORKS_FOLDER_PATH}/NVActivityIndicatorView.framework",
				"${TARGET_BUILD_DIR}/${FRAMEWORKS_FOLDER_PATH}/Parse.framework",
				"${TARGET_BUILD_DIR}/${FRAMEWORKS_FOLDER_PATH}/RxAtomic.framework",
				"${TARGET_BUILD_DIR}/${FRAMEWORKS_FOLDER_PATH}/RxCocoa.framework",
				"${TARGET_BUILD_DIR}/${FRAMEWORKS_FOLDER_PATH}/RxSwift.framework",
			);
			runOnlyForDeploymentPostprocessing = 0;
			shellPath = /bin/sh;
			shellScript = "\"${PODS_ROOT}/Target Support Files/Pods-Hold/Pods-Hold-frameworks.sh\"\n";
			showEnvVarsInLog = 0;
		};
		7AF51FEFAC669D04F3978CB7 /* [CP] Check Pods Manifest.lock */ = {
			isa = PBXShellScriptBuildPhase;
			buildActionMask = 2147483647;
			files = (
			);
			inputFileListPaths = (
			);
			inputPaths = (
				"${PODS_PODFILE_DIR_PATH}/Podfile.lock",
				"${PODS_ROOT}/Manifest.lock",
			);
			name = "[CP] Check Pods Manifest.lock";
			outputFileListPaths = (
			);
			outputPaths = (
				"$(DERIVED_FILE_DIR)/Pods-Hold-checkManifestLockResult.txt",
			);
			runOnlyForDeploymentPostprocessing = 0;
			shellPath = /bin/sh;
			shellScript = "diff \"${PODS_PODFILE_DIR_PATH}/Podfile.lock\" \"${PODS_ROOT}/Manifest.lock\" > /dev/null\nif [ $? != 0 ] ; then\n    # print error to STDERR\n    echo \"error: The sandbox is not in sync with the Podfile.lock. Run 'pod install' or update your CocoaPods installation.\" >&2\n    exit 1\nfi\n# This output is used by Xcode 'outputs' to avoid re-running this script phase.\necho \"SUCCESS\" > \"${SCRIPT_OUTPUT_FILE_0}\"\n";
			showEnvVarsInLog = 0;
		};
		BA27E142E8C068336741ADCB /* [CP] Check Pods Manifest.lock */ = {
			isa = PBXShellScriptBuildPhase;
			buildActionMask = 2147483647;
			files = (
			);
			inputFileListPaths = (
			);
			inputPaths = (
				"${PODS_PODFILE_DIR_PATH}/Podfile.lock",
				"${PODS_ROOT}/Manifest.lock",
			);
			name = "[CP] Check Pods Manifest.lock";
			outputFileListPaths = (
			);
			outputPaths = (
				"$(DERIVED_FILE_DIR)/Pods-HoldTests-checkManifestLockResult.txt",
			);
			runOnlyForDeploymentPostprocessing = 0;
			shellPath = /bin/sh;
			shellScript = "diff \"${PODS_PODFILE_DIR_PATH}/Podfile.lock\" \"${PODS_ROOT}/Manifest.lock\" > /dev/null\nif [ $? != 0 ] ; then\n    # print error to STDERR\n    echo \"error: The sandbox is not in sync with the Podfile.lock. Run 'pod install' or update your CocoaPods installation.\" >&2\n    exit 1\nfi\n# This output is used by Xcode 'outputs' to avoid re-running this script phase.\necho \"SUCCESS\" > \"${SCRIPT_OUTPUT_FILE_0}\"\n";
			showEnvVarsInLog = 0;
		};
/* End PBXShellScriptBuildPhase section */

/* Begin PBXSourcesBuildPhase section */
		8400285E219CA6250005ADA9 /* Sources */ = {
			isa = PBXSourcesBuildPhase;
			buildActionMask = 2147483647;
			files = (
				84A916ED21B04A6200F1D51D /* AuthenticationViewModel.swift in Sources */,
				845BA63221B9579D002C0C52 /* HoldImageModel.swift in Sources */,
				84A916E721AFCA7D00F1D51D /* RootViewController.swift in Sources */,
				84002868219CA6250005ADA9 /* LoginViewController.swift in Sources */,
				84002866219CA6250005ADA9 /* AppDelegate.swift in Sources */,
				84A916DE21AD3D9200F1D51D /* LoginViewModel.swift in Sources */,
				843AD6A621C59AD40072B22A /* PresentingImageModel.swift in Sources */,
				84A916EB21B04A2A00F1D51D /* AuthenticationViewController.swift in Sources */,
				84A916E321AFC9B400F1D51D /* HomeViewController.swift in Sources */,
				84A916E021AD43DA00F1D51D /* Router.swift in Sources */,
				84A916DC21AD3D2300F1D51D /* APIManager.swift in Sources */,
				84A916DA21AD3CA800F1D51D /* Coordinator.swift in Sources */,
				845BA62F21B8C00D002C0C52 /* UserModel.swift in Sources */,
				84A916E921AFCAD200F1D51D /* RootViewModel.swift in Sources */,
				84A916E521AFC9D300F1D51D /* OnboardingViewController.swift in Sources */,
				8400286E219CA6250005ADA9 /* Hold.xcdatamodeld in Sources */,
				845DD18421B093B500AFEA73 /* HomeViewModel.swift in Sources */,
				843274FD21B05F2400222922 /* Extensions.swift in Sources */,
			);
			runOnlyForDeploymentPostprocessing = 0;
		};
		84002875219CA6270005ADA9 /* Sources */ = {
			isa = PBXSourcesBuildPhase;
			buildActionMask = 2147483647;
			files = (
				8400287E219CA6270005ADA9 /* HoldTests.swift in Sources */,
			);
			runOnlyForDeploymentPostprocessing = 0;
		};
/* End PBXSourcesBuildPhase section */

/* Begin PBXTargetDependency section */
		8400287B219CA6270005ADA9 /* PBXTargetDependency */ = {
			isa = PBXTargetDependency;
			target = 84002861219CA6250005ADA9 /* Hold */;
			targetProxy = 8400287A219CA6270005ADA9 /* PBXContainerItemProxy */;
		};
/* End PBXTargetDependency section */

/* Begin PBXVariantGroup section */
		84002869219CA6250005ADA9 /* Main.storyboard */ = {
			isa = PBXVariantGroup;
			children = (
				8400286A219CA6250005ADA9 /* Base */,
			);
			name = Main.storyboard;
			sourceTree = "<group>";
		};
		84002871219CA6270005ADA9 /* LaunchScreen.storyboard */ = {
			isa = PBXVariantGroup;
			children = (
				84002872219CA6270005ADA9 /* Base */,
			);
			name = LaunchScreen.storyboard;
			sourceTree = "<group>";
		};
/* End PBXVariantGroup section */

/* Begin XCBuildConfiguration section */
		84002880219CA6270005ADA9 /* Debug */ = {
			isa = XCBuildConfiguration;
			buildSettings = {
				ALWAYS_SEARCH_USER_PATHS = NO;
				CLANG_ANALYZER_NONNULL = YES;
				CLANG_ANALYZER_NUMBER_OBJECT_CONVERSION = YES_AGGRESSIVE;
				CLANG_CXX_LANGUAGE_STANDARD = "gnu++14";
				CLANG_CXX_LIBRARY = "libc++";
				CLANG_ENABLE_MODULES = YES;
				CLANG_ENABLE_OBJC_ARC = YES;
				CLANG_ENABLE_OBJC_WEAK = YES;
				CLANG_WARN_BLOCK_CAPTURE_AUTORELEASING = YES;
				CLANG_WARN_BOOL_CONVERSION = YES;
				CLANG_WARN_COMMA = YES;
				CLANG_WARN_CONSTANT_CONVERSION = YES;
				CLANG_WARN_DEPRECATED_OBJC_IMPLEMENTATIONS = YES;
				CLANG_WARN_DIRECT_OBJC_ISA_USAGE = YES_ERROR;
				CLANG_WARN_DOCUMENTATION_COMMENTS = YES;
				CLANG_WARN_EMPTY_BODY = YES;
				CLANG_WARN_ENUM_CONVERSION = YES;
				CLANG_WARN_INFINITE_RECURSION = YES;
				CLANG_WARN_INT_CONVERSION = YES;
				CLANG_WARN_NON_LITERAL_NULL_CONVERSION = YES;
				CLANG_WARN_OBJC_IMPLICIT_RETAIN_SELF = YES;
				CLANG_WARN_OBJC_LITERAL_CONVERSION = YES;
				CLANG_WARN_OBJC_ROOT_CLASS = YES_ERROR;
				CLANG_WARN_RANGE_LOOP_ANALYSIS = YES;
				CLANG_WARN_STRICT_PROTOTYPES = YES;
				CLANG_WARN_SUSPICIOUS_MOVE = YES;
				CLANG_WARN_UNGUARDED_AVAILABILITY = YES_AGGRESSIVE;
				CLANG_WARN_UNREACHABLE_CODE = YES;
				CLANG_WARN__DUPLICATE_METHOD_MATCH = YES;
				CODE_SIGN_IDENTITY = "iPhone Developer";
				COPY_PHASE_STRIP = NO;
				DEBUG_INFORMATION_FORMAT = dwarf;
				ENABLE_STRICT_OBJC_MSGSEND = YES;
				ENABLE_TESTABILITY = YES;
				GCC_C_LANGUAGE_STANDARD = gnu11;
				GCC_DYNAMIC_NO_PIC = NO;
				GCC_NO_COMMON_BLOCKS = YES;
				GCC_OPTIMIZATION_LEVEL = 0;
				GCC_PREPROCESSOR_DEFINITIONS = (
					"DEBUG=1",
					"$(inherited)",
				);
				GCC_WARN_64_TO_32_BIT_CONVERSION = YES;
				GCC_WARN_ABOUT_RETURN_TYPE = YES_ERROR;
				GCC_WARN_UNDECLARED_SELECTOR = YES;
				GCC_WARN_UNINITIALIZED_AUTOS = YES_AGGRESSIVE;
				GCC_WARN_UNUSED_FUNCTION = YES;
				GCC_WARN_UNUSED_VARIABLE = YES;
				IPHONEOS_DEPLOYMENT_TARGET = 12.1;
				MTL_ENABLE_DEBUG_INFO = INCLUDE_SOURCE;
				MTL_FAST_MATH = YES;
				ONLY_ACTIVE_ARCH = YES;
				SDKROOT = iphoneos;
				SWIFT_ACTIVE_COMPILATION_CONDITIONS = DEBUG;
				SWIFT_OPTIMIZATION_LEVEL = "-Onone";
			};
			name = Debug;
		};
		84002881219CA6270005ADA9 /* Release */ = {
			isa = XCBuildConfiguration;
			buildSettings = {
				ALWAYS_SEARCH_USER_PATHS = NO;
				CLANG_ANALYZER_NONNULL = YES;
				CLANG_ANALYZER_NUMBER_OBJECT_CONVERSION = YES_AGGRESSIVE;
				CLANG_CXX_LANGUAGE_STANDARD = "gnu++14";
				CLANG_CXX_LIBRARY = "libc++";
				CLANG_ENABLE_MODULES = YES;
				CLANG_ENABLE_OBJC_ARC = YES;
				CLANG_ENABLE_OBJC_WEAK = YES;
				CLANG_WARN_BLOCK_CAPTURE_AUTORELEASING = YES;
				CLANG_WARN_BOOL_CONVERSION = YES;
				CLANG_WARN_COMMA = YES;
				CLANG_WARN_CONSTANT_CONVERSION = YES;
				CLANG_WARN_DEPRECATED_OBJC_IMPLEMENTATIONS = YES;
				CLANG_WARN_DIRECT_OBJC_ISA_USAGE = YES_ERROR;
				CLANG_WARN_DOCUMENTATION_COMMENTS = YES;
				CLANG_WARN_EMPTY_BODY = YES;
				CLANG_WARN_ENUM_CONVERSION = YES;
				CLANG_WARN_INFINITE_RECURSION = YES;
				CLANG_WARN_INT_CONVERSION = YES;
				CLANG_WARN_NON_LITERAL_NULL_CONVERSION = YES;
				CLANG_WARN_OBJC_IMPLICIT_RETAIN_SELF = YES;
				CLANG_WARN_OBJC_LITERAL_CONVERSION = YES;
				CLANG_WARN_OBJC_ROOT_CLASS = YES_ERROR;
				CLANG_WARN_RANGE_LOOP_ANALYSIS = YES;
				CLANG_WARN_STRICT_PROTOTYPES = YES;
				CLANG_WARN_SUSPICIOUS_MOVE = YES;
				CLANG_WARN_UNGUARDED_AVAILABILITY = YES_AGGRESSIVE;
				CLANG_WARN_UNREACHABLE_CODE = YES;
				CLANG_WARN__DUPLICATE_METHOD_MATCH = YES;
				CODE_SIGN_IDENTITY = "iPhone Developer";
				COPY_PHASE_STRIP = NO;
				DEBUG_INFORMATION_FORMAT = "dwarf-with-dsym";
				ENABLE_NS_ASSERTIONS = NO;
				ENABLE_STRICT_OBJC_MSGSEND = YES;
				GCC_C_LANGUAGE_STANDARD = gnu11;
				GCC_NO_COMMON_BLOCKS = YES;
				GCC_WARN_64_TO_32_BIT_CONVERSION = YES;
				GCC_WARN_ABOUT_RETURN_TYPE = YES_ERROR;
				GCC_WARN_UNDECLARED_SELECTOR = YES;
				GCC_WARN_UNINITIALIZED_AUTOS = YES_AGGRESSIVE;
				GCC_WARN_UNUSED_FUNCTION = YES;
				GCC_WARN_UNUSED_VARIABLE = YES;
				IPHONEOS_DEPLOYMENT_TARGET = 12.1;
				MTL_ENABLE_DEBUG_INFO = NO;
				MTL_FAST_MATH = YES;
				SDKROOT = iphoneos;
				SWIFT_COMPILATION_MODE = wholemodule;
				SWIFT_OPTIMIZATION_LEVEL = "-O";
				VALIDATE_PRODUCT = YES;
			};
			name = Release;
		};
		84002883219CA6270005ADA9 /* Debug */ = {
			isa = XCBuildConfiguration;
			baseConfigurationReference = CF11959DE77D1DB2B5716268 /* Pods-Hold.debug.xcconfig */;
			buildSettings = {
				ASSETCATALOG_COMPILER_APPICON_NAME = AppIcon;
				CODE_SIGN_STYLE = Automatic;
				DEVELOPMENT_TEAM = WMVNZYDS86;
				INFOPLIST_FILE = Hold/Info.plist;
				LD_RUNPATH_SEARCH_PATHS = (
					"$(inherited)",
					"@executable_path/Frameworks",
				);
				PRODUCT_BUNDLE_IDENTIFIER = com.milesFishman.Hold;
				PRODUCT_NAME = "$(TARGET_NAME)";
				SWIFT_VERSION = 4.2;
				TARGETED_DEVICE_FAMILY = "1,2";
			};
			name = Debug;
		};
		84002884219CA6270005ADA9 /* Release */ = {
			isa = XCBuildConfiguration;
			baseConfigurationReference = 087EDD5998F344E823A6B0DB /* Pods-Hold.release.xcconfig */;
			buildSettings = {
				ASSETCATALOG_COMPILER_APPICON_NAME = AppIcon;
				CODE_SIGN_STYLE = Automatic;
				DEVELOPMENT_TEAM = WMVNZYDS86;
				INFOPLIST_FILE = Hold/Info.plist;
				LD_RUNPATH_SEARCH_PATHS = (
					"$(inherited)",
					"@executable_path/Frameworks",
				);
				PRODUCT_BUNDLE_IDENTIFIER = com.milesFishman.Hold;
				PRODUCT_NAME = "$(TARGET_NAME)";
				SWIFT_VERSION = 4.2;
				TARGETED_DEVICE_FAMILY = "1,2";
			};
			name = Release;
		};
		84002886219CA6270005ADA9 /* Debug */ = {
			isa = XCBuildConfiguration;
			baseConfigurationReference = 99BE4EA331C1E4C54860E7DD /* Pods-HoldTests.debug.xcconfig */;
			buildSettings = {
				ALWAYS_EMBED_SWIFT_STANDARD_LIBRARIES = YES;
				BUNDLE_LOADER = "$(TEST_HOST)";
				CODE_SIGN_STYLE = Automatic;
				DEVELOPMENT_TEAM = WMVNZYDS86;
				INFOPLIST_FILE = HoldTests/Info.plist;
				LD_RUNPATH_SEARCH_PATHS = (
					"$(inherited)",
					"@executable_path/Frameworks",
					"@loader_path/Frameworks",
				);
				PRODUCT_BUNDLE_IDENTIFIER = com.milesFishman.HoldTests;
				PRODUCT_NAME = "$(TARGET_NAME)";
				SWIFT_VERSION = 4.2;
				TARGETED_DEVICE_FAMILY = "1,2";
				TEST_HOST = "$(BUILT_PRODUCTS_DIR)/Hold.app/Hold";
			};
			name = Debug;
		};
		84002887219CA6270005ADA9 /* Release */ = {
			isa = XCBuildConfiguration;
			baseConfigurationReference = E705302BB51A3C1F7E9943D0 /* Pods-HoldTests.release.xcconfig */;
			buildSettings = {
				ALWAYS_EMBED_SWIFT_STANDARD_LIBRARIES = YES;
				BUNDLE_LOADER = "$(TEST_HOST)";
				CODE_SIGN_STYLE = Automatic;
				DEVELOPMENT_TEAM = WMVNZYDS86;
				INFOPLIST_FILE = HoldTests/Info.plist;
				LD_RUNPATH_SEARCH_PATHS = (
					"$(inherited)",
					"@executable_path/Frameworks",
					"@loader_path/Frameworks",
				);
				PRODUCT_BUNDLE_IDENTIFIER = com.milesFishman.HoldTests;
				PRODUCT_NAME = "$(TARGET_NAME)";
				SWIFT_VERSION = 4.2;
				TARGETED_DEVICE_FAMILY = "1,2";
				TEST_HOST = "$(BUILT_PRODUCTS_DIR)/Hold.app/Hold";
			};
			name = Release;
		};
/* End XCBuildConfiguration section */

/* Begin XCConfigurationList section */
		8400285D219CA6250005ADA9 /* Build configuration list for PBXProject "Hold" */ = {
			isa = XCConfigurationList;
			buildConfigurations = (
				84002880219CA6270005ADA9 /* Debug */,
				84002881219CA6270005ADA9 /* Release */,
			);
			defaultConfigurationIsVisible = 0;
			defaultConfigurationName = Release;
		};
		84002882219CA6270005ADA9 /* Build configuration list for PBXNativeTarget "Hold" */ = {
			isa = XCConfigurationList;
			buildConfigurations = (
				84002883219CA6270005ADA9 /* Debug */,
				84002884219CA6270005ADA9 /* Release */,
			);
			defaultConfigurationIsVisible = 0;
			defaultConfigurationName = Release;
		};
		84002885219CA6270005ADA9 /* Build configuration list for PBXNativeTarget "HoldTests" */ = {
			isa = XCConfigurationList;
			buildConfigurations = (
				84002886219CA6270005ADA9 /* Debug */,
				84002887219CA6270005ADA9 /* Release */,
			);
			defaultConfigurationIsVisible = 0;
			defaultConfigurationName = Release;
		};
/* End XCConfigurationList section */

/* Begin XCVersionGroup section */
		8400286C219CA6250005ADA9 /* Hold.xcdatamodeld */ = {
			isa = XCVersionGroup;
			children = (
				8400286D219CA6250005ADA9 /* Hold.xcdatamodel */,
			);
			currentVersion = 8400286D219CA6250005ADA9 /* Hold.xcdatamodel */;
			path = Hold.xcdatamodeld;
			sourceTree = "<group>";
			versionGroupType = wrapper.xcdatamodel;
		};
/* End XCVersionGroup section */
	};
	rootObject = 8400285A219CA6250005ADA9 /* Project object */;
}
